
Microsoft Visual Studio Solution File, Format Version 12.00
Project("{FAE04EC0-301F-11D3-BF4B-00C04F79EFBC}") = "DatabaseCSV", "DatabaseCSV.csproj", "{795D3585-1A27-417F-908C-9656EF84DFB1}"
EndProject
Global
	GlobalSection(SolutionConfigurationPlatforms) = preSolution
		Debug|Any CPU = Debug|Any CPU
		Release|Any CPU = Release|Any CPU
	EndGlobalSection
	GlobalSection(ProjectConfigurationPlatforms) = postSolution
		{795D3585-1A27-417F-908C-9656EF84DFB1}.Debug|Any CPU.ActiveCfg = Debug|Any CPU
		{795D3585-1A27-417F-908C-9656EF84DFB1}.Debug|Any CPU.Build.0 = Debug|Any CPU
		{795D3585-1A27-417F-908C-9656EF84DFB1}.Release|Any CPU.ActiveCfg = Release|Any CPU
		{795D3585-1A27-417F-908C-9656EF84DFB1}.Release|Any CPU.Build.0 = Release|Any CPU
	EndGlobalSection
EndGlobal
